Microsoft Visual Studio Solution File, Format Version 12.00
# Visual Studio Version 17
VisualStudioVersion = 17.5.2.0
MinimumVisualStudioVersion = 10.0.40219.1
Project("{FAE04EC0-301F-11D3-BF4B-00C04F79EFBC}") = "WebApiLU2", "WebApiLU2\WebApiLU2.csproj", "{22998DB5-8E57-F579-09A0-44370756C8CF}"
EndProject
Project("{FAE04EC0-301F-11D3-BF4B-00C04F79EFBC}") = "TestProject1", "TestProject1\TestProject1.csproj", "{48901286-D7DD-4BB4-A682-7734ABC6709D}"
EndProject
Global
	GlobalSection(SolutionConfigurationPlatforms) = preSolution
		Debug|Any CPU = Debug|Any CPU
		Release|Any CPU = Release|Any CPU
	EndGlobalSection
	GlobalSection(ProjectConfigurationPlatforms) = postSolution
		{22998DB5-8E57-F579-09A0-44370756C8CF}.Debug|Any CPU.ActiveCfg = Debug|Any CPU
		{22998DB5-8E57-F579-09A0-44370756C8CF}.Debug|Any CPU.Build.0 = Debug|Any CPU
		{22998DB5-8E57-F579-09A0-44370756C8CF}.Release|Any CPU.ActiveCfg = Release|Any CPU
		{22998DB5-8E57-F579-09A0-44370756C8CF}.Release|Any CPU.Build.0 = Release|Any CPU
		{48901286-D7DD-4BB4-A682-7734ABC6709D}.Debug|Any CPU.ActiveCfg = Debug|Any CPU
		{48901286-D7DD-4BB4-A682-7734ABC6709D}.Debug|Any CPU.Build.0 = Debug|Any CPU
		{48901286-D7DD-4BB4-A682-7734ABC6709D}.Release|Any CPU.ActiveCfg = Release|Any CPU
		{48901286-D7DD-4BB4-A682-7734ABC6709D}.Release|Any CPU.Build.0 = Release|Any CPU
	EndGlobalSection
	GlobalSection(SolutionProperties) = preSolution
		HideSolutionNode = FALSE
	EndGlobalSection
	GlobalSection(ExtensibilityGlobals) = postSolution
		SolutionGuid = {49BD40DB-8DA3-4873-9081-213B17A200D5}
	EndGlobalSection
EndGlobal
